
Microsoft Visual Studio Solution File, Format Version 12.00
# Visual Studio Version 17
VisualStudioVersion = 17.5.33627.172
MinimumVisualStudioVersion = 10.0.40219.1
Project("{8BC9CEB8-8B4A-11D0-8D11-00A0C91BC942}") = "client", "client\client.vcxproj", "{EA1439BE-17E4-4A1D-B9C5-E13C8C16CAA8}"
EndProject
Global
	GlobalSection(SolutionConfigurationPlatforms) = preSolution
		Debug|x64 = Debug|x64
		Debug|x86 = Debug|x86
		Release|x64 = Release|x64
		Release|x86 = Release|x86
	EndGlobalSection
	GlobalSection(ProjectConfigurationPlatforms) = postSolution
		{EA1439BE-17E4-4A1D-B9C5-E13C8C16CAA8}.Debug|x64.ActiveCfg = Debug|x64
		{EA1439BE-17E4-4A1D-B9C5-E13C8C16CAA8}.Debug|x64.Build.0 = Debug|x64
		{EA1439BE-17E4-4A1D-B9C5-E13C8C16CAA8}.Debug|x86.ActiveCfg = Debug|Win32
		{EA1439BE-17E4-4A1D-B9C5-E13C8C16CAA8}.Debug|x86.Build.0 = Debug|Win32
		{EA1439BE-17E4-4A1D-B9C5-E13C8C16CAA8}.Release|x64.ActiveCfg = Release|x64
		{EA1439BE-17E4-4A1D-B9C5-E13C8C16CAA8}.Release|x64.Build.0 = Release|x64
		{EA1439BE-17E4-4A1D-B9C5-E13C8C16CAA8}.Release|x86.ActiveCfg = Release|Win32
		{EA1439BE-17E4-4A1D-B9C5-E13C8C16CAA8}.Release|x86.Build.0 = Release|Win32
	EndGlobalSection
	GlobalSection(SolutionProperties) = preSolution
		HideSolutionNode = FALSE
	EndGlobalSection
	GlobalSection(ExtensibilityGlobals) = postSolution
		SolutionGuid = {788C7190-611E-4977-8865-DB334344F61D}
	EndGlobalSection
EndGlobal
